// !$*UTF8*$!
{
	archiveVersion = 1;
	classes = {
	};
	objectVersion = 56;
	objects = {

/* Begin PBXBuildFile section */
		C4B124FA2A55460E00D71E09 /* TabView.swift in Sources */ = {isa = PBXBuildFile; fileRef = C4B124F92A55460E00D71E09 /* TabView.swift */; };
		C4B124FC2A5556E000D71E09 /* KitchenService.swift in Sources */ = {isa = PBXBuildFile; fileRef = C4B124FB2A5556E000D71E09 /* KitchenService.swift */; };
		C4B124FE2A5556F500D71E09 /* Kitchen.swift in Sources */ = {isa = PBXBuildFile; fileRef = C4B124FD2A5556F500D71E09 /* Kitchen.swift */; };
		C4B125002A55580F00D71E09 /* CategoriesView.swift in Sources */ = {isa = PBXBuildFile; fileRef = C4B124FF2A55580F00D71E09 /* CategoriesView.swift */; };
		C4EBE6072A53F79C00576CAA /* KitchenApp.swift in Sources */ = {isa = PBXBuildFile; fileRef = C4EBE6062A53F79C00576CAA /* KitchenApp.swift */; };
		C4EBE6092A53F79C00576CAA /* MainView.swift in Sources */ = {isa = PBXBuildFile; fileRef = C4EBE6082A53F79C00576CAA /* MainView.swift */; };
		C4EBE60B2A53F79D00576CAA /* Assets.xcassets in Resources */ = {isa = PBXBuildFile; fileRef = C4EBE60A2A53F79D00576CAA /* Assets.xcassets */; };
		C4EBE60E2A53F79D00576CAA /* Preview Assets.xcassets in Resources */ = {isa = PBXBuildFile; fileRef = C4EBE60D2A53F79D00576CAA /* Preview Assets.xcassets */; };
		C4EBE6152A54037900576CAA /* Kitchens.swift in Sources */ = {isa = PBXBuildFile; fileRef = C4EBE6142A54037900576CAA /* Kitchens.swift */; };
		C4EBE6172A5403F000576CAA /* KitchensService.swift in Sources */ = {isa = PBXBuildFile; fileRef = C4EBE6162A5403F000576CAA /* KitchensService.swift */; };
		C4EBE6212A5443FE00576CAA /* ScaleScreen.swift in Sources */ = {isa = PBXBuildFile; fileRef = C4EBE6202A5443FE00576CAA /* ScaleScreen.swift */; };
/* End PBXBuildFile section */

/* Begin PBXFileReference section */
		C4B124F92A55460E00D71E09 /* TabView.swift */ = {isa = PBXFileReference; lastKnownFileType = sourcecode.swift; path = TabView.swift; sourceTree = "<group>"; };
		C4B124FB2A5556E000D71E09 /* KitchenService.swift */ = {isa = PBXFileReference; lastKnownFileType = sourcecode.swift; path = KitchenService.swift; sourceTree = "<group>"; };
		C4B124FD2A5556F500D71E09 /* Kitchen.swift */ = {isa = PBXFileReference; lastKnownFileType = sourcecode.swift; path = Kitchen.swift; sourceTree = "<group>"; };
		C4B124FF2A55580F00D71E09 /* CategoriesView.swift */ = {isa = PBXFileReference; lastKnownFileType = sourcecode.swift; path = CategoriesView.swift; sourceTree = "<group>"; };
		C4B125012A56A90D00D71E09 /* Info.plist */ = {isa = PBXFileReference; lastKnownFileType = text.plist; path = Info.plist; sourceTree = "<group>"; };
		C4EBE6032A53F79C00576CAA /* Kitchen.app */ = {isa = PBXFileReference; explicitFileType = wrapper.application; includeInIndex = 0; path = Kitchen.app; sourceTree = BUILT_PRODUCTS_DIR; };
		C4EBE6062A53F79C00576CAA /* KitchenApp.swift */ = {isa = PBXFileReference; lastKnownFileType = sourcecode.swift; path = KitchenApp.swift; sourceTree = "<group>"; };
		C4EBE6082A53F79C00576CAA /* MainView.swift */ = {isa = PBXFileReference; lastKnownFileType = sourcecode.swift; path = MainView.swift; sourceTree = "<group>"; };
		C4EBE60A2A53F79D00576CAA /* Assets.xcassets */ = {isa = PBXFileReference; lastKnownFileType = folder.assetcatalog; path = Assets.xcassets; sourceTree = "<group>"; };
		C4EBE60D2A53F79D00576CAA /* Preview Assets.xcassets */ = {isa = PBXFileReference; lastKnownFileType = folder.assetcatalog; path = "Preview Assets.xcassets"; sourceTree = "<group>"; };
		C4EBE6142A54037900576CAA /* Kitchens.swift */ = {isa = PBXFileReference; lastKnownFileType = sourcecode.swift; path = Kitchens.swift; sourceTree = "<group>"; };
		C4EBE6162A5403F000576CAA /* KitchensService.swift */ = {isa = PBXFileReference; lastKnownFileType = sourcecode.swift; path = KitchensService.swift; sourceTree = "<group>"; };
		C4EBE6202A5443FE00576CAA /* ScaleScreen.swift */ = {isa = PBXFileReference; lastKnownFileType = sourcecode.swift; path = ScaleScreen.swift; sourceTree = "<group>"; };
/* End PBXFileReference section */

/* Begin PBXFrameworksBuildPhase section */
		C4EBE6002A53F79C00576CAA /* Frameworks */ = {
			isa = PBXFrameworksBuildPhase;
			buildActionMask = 2147483647;
			files = (
			);
			runOnlyForDeploymentPostprocessing = 0;
		};
/* End PBXFrameworksBuildPhase section */

/* Begin PBXGroup section */
		C4EBE5FA2A53F79C00576CAA = {
			isa = PBXGroup;
			children = (
				C4EBE6052A53F79C00576CAA /* Kitchen */,
				C4EBE6042A53F79C00576CAA /* Products */,
			);
			sourceTree = "<group>";
		};
		C4EBE6042A53F79C00576CAA /* Products */ = {
			isa = PBXGroup;
			children = (
				C4EBE6032A53F79C00576CAA /* Kitchen.app */,
			);
			name = Products;
			sourceTree = "<group>";
		};
		C4EBE6052A53F79C00576CAA /* Kitchen */ = {
			isa = PBXGroup;
			children = (
				C4B125012A56A90D00D71E09 /* Info.plist */,
				C4EBE6062A53F79C00576CAA /* KitchenApp.swift */,
				C4B124F92A55460E00D71E09 /* TabView.swift */,
				C4EBE6082A53F79C00576CAA /* MainView.swift */,
				C4B124FF2A55580F00D71E09 /* CategoriesView.swift */,
				C4EBE6162A5403F000576CAA /* KitchensService.swift */,
				C4EBE6142A54037900576CAA /* Kitchens.swift */,
				C4B124FD2A5556F500D71E09 /* Kitchen.swift */,
				C4B124FB2A5556E000D71E09 /* KitchenService.swift */,
				C4EBE60A2A53F79D00576CAA /* Assets.xcassets */,
				C4EBE60C2A53F79D00576CAA /* Preview Content */,
				C4EBE6202A5443FE00576CAA /* ScaleScreen.swift */,
			);
			path = Kitchen;
			sourceTree = "<group>";
		};
		C4EBE60C2A53F79D00576CAA /* Preview Content */ = {
			isa = PBXGroup;
			children = (
				C4EBE60D2A53F79D00576CAA /* Preview Assets.xcassets */,
			);
			path = "Preview Content";
			sourceTree = "<group>";
		};
/* End PBXGroup section */

/* Begin PBXNativeTarget section */
		C4EBE6022A53F79C00576CAA /* Kitchen */ = {
			isa = PBXNativeTarget;
			buildConfigurationList = C4EBE6112A53F79D00576CAA /* Build configuration list for PBXNativeTarget "Kitchen" */;
			buildPhases = (
				C4EBE5FF2A53F79C00576CAA /* Sources */,
				C4EBE6002A53F79C00576CAA /* Frameworks */,
				C4EBE6012A53F79C00576CAA /* Resources */,
			);
			buildRules = (
			);
			dependencies = (
			);
			name = Kitchen;
			productName = Kitchen;
			productReference = C4EBE6032A53F79C00576CAA /* Kitchen.app */;
			productType = "com.apple.product-type.application";
		};
/* End PBXNativeTarget section */

/* Begin PBXProject section */
		C4EBE5FB2A53F79C00576CAA /* Project object */ = {
			isa = PBXProject;
			attributes = {
				BuildIndependentTargetsInParallel = 1;
				LastSwiftUpdateCheck = 1420;
				LastUpgradeCheck = 1420;
				TargetAttributes = {
					C4EBE6022A53F79C00576CAA = {
						CreatedOnToolsVersion = 14.2;
					};
				};
			};
			buildConfigurationList = C4EBE5FE2A53F79C00576CAA /* Build configuration list for PBXProject "Kitchen" */;
			compatibilityVersion = "Xcode 14.0";
			developmentRegion = en;
			hasScannedForEncodings = 0;
			knownRegions = (
				en,
				Base,
			);
			mainGroup = C4EBE5FA2A53F79C00576CAA;
			productRefGroup = C4EBE6042A53F79C00576CAA /* Products */;
			projectDirPath = "";
			projectRoot = "";
			targets = (
				C4EBE6022A53F79C00576CAA /* Kitchen */,
			);
		};
/* End PBXProject section */

/* Begin PBXResourcesBuildPhase section */
		C4EBE6012A53F79C00576CAA /* Resources */ = {
			isa = PBXResourcesBuildPhase;
			buildActionMask = 2147483647;
			files = (
				C4EBE60E2A53F79D00576CAA /* Preview Assets.xcassets in Resources */,
				C4EBE60B2A53F79D00576CAA /* Assets.xcassets in Resources */,
			);
			runOnlyForDeploymentPostprocessing = 0;
		};
/* End PBXResourcesBuildPhase section */

/* Begin PBXSourcesBuildPhase section */
		C4EBE5FF2A53F79C00576CAA /* Sources */ = {
			isa = PBXSourcesBuildPhase;
			buildActionMask = 2147483647;
			files = (
				C4EBE6092A53F79C00576CAA /* MainView.swift in Sources */,
				C4EBE6152A54037900576CAA /* Kitchens.swift in Sources */,
				C4B124FC2A5556E000D71E09 /* KitchenService.swift in Sources */,
				C4EBE6212A5443FE00576CAA /* ScaleScreen.swift in Sources */,
				C4EBE6172A5403F000576CAA /* KitchensService.swift in Sources */,
				C4B125002A55580F00D71E09 /* CategoriesView.swift in Sources */,
				C4B124FA2A55460E00D71E09 /* TabView.swift in Sources */,
				C4B124FE2A5556F500D71E09 /* Kitchen.swift in Sources */,
				C4EBE6072A53F79C00576CAA /* KitchenApp.swift in Sources */,
			);
			runOnlyForDeploymentPostprocessing = 0;
		};
/* End PBXSourcesBuildPhase section */

/* Begin XCBuildConfiguration section */
		C4EBE60F2A53F79D00576CAA /* Debug */ = {
			isa = XCBuildConfiguration;
			buildSettings = {
				ALWAYS_SEARCH_USER_PATHS = NO;
				CLANG_ANALYZER_NONNULL = YES;
				CLANG_ANALYZER_NUMBER_OBJECT_CONVERSION = YES_AGGRESSIVE;
				CLANG_CXX_LANGUAGE_STANDARD = "gnu++20";
				CLANG_ENABLE_MODULES = YES;
				CLANG_ENABLE_OBJC_ARC = YES;
				CLANG_ENABLE_OBJC_WEAK = YES;
				CLANG_WARN_BLOCK_CAPTURE_AUTORELEASING = YES;
				CLANG_WARN_BOOL_CONVERSION = YES;
				CLANG_WARN_COMMA = YES;
				CLANG_WARN_CONSTANT_CONVERSION = YES;
				CLANG_WARN_DEPRECATED_OBJC_IMPLEMENTATIONS = YES;
				CLANG_WARN_DIRECT_OBJC_ISA_USAGE = YES_ERROR;
				CLANG_WARN_DOCUMENTATION_COMMENTS = YES;
				CLANG_WARN_EMPTY_BODY = YES;
				CLANG_WARN_ENUM_CONVERSION = YES;
				CLANG_WARN_INFINITE_RECURSION = YES;
				CLANG_WARN_INT_CONVERSION = YES;
				CLANG_WARN_NON_LITERAL_NULL_CONVERSION = YES;
				CLANG_WARN_OBJC_IMPLICIT_RETAIN_SELF = YES;
				CLANG_WARN_OBJC_LITERAL_CONVERSION = YES;
				CLANG_WARN_OBJC_ROOT_CLASS = YES_ERROR;
				CLANG_WARN_QUOTED_INCLUDE_IN_FRAMEWORK_HEADER = YES;
				CLANG_WARN_RANGE_LOOP_ANALYSIS = YES;
				CLANG_WARN_STRICT_PROTOTYPES = YES;
				CLANG_WARN_SUSPICIOUS_MOVE = YES;
				CLANG_WARN_UNGUARDED_AVAILABILITY = YES_AGGRESSIVE;
				CLANG_WARN_UNREACHABLE_CODE = YES;
				CLANG_WARN__DUPLICATE_METHOD_MATCH = YES;
				COPY_PHASE_STRIP = NO;
				DEBUG_INFORMATION_FORMAT = dwarf;
				ENABLE_STRICT_OBJC_MSGSEND = YES;
				ENABLE_TESTABILITY = YES;
				GCC_C_LANGUAGE_STANDARD = gnu11;
				GCC_DYNAMIC_NO_PIC = NO;
				GCC_NO_COMMON_BLOCKS = YES;
				GCC_OPTIMIZATION_LEVEL = 0;
				GCC_PREPROCESSOR_DEFINITIONS = (
					"DEBUG=1",
					"$(inherited)",
				);
				GCC_WARN_64_TO_32_BIT_CONVERSION = YES;
				GCC_WARN_ABOUT_RETURN_TYPE = YES_ERROR;
				GCC_WARN_UNDECLARED_SELECTOR = YES;
				GCC_WARN_UNINITIALIZED_AUTOS = YES_AGGRESSIVE;
				GCC_WARN_UNUSED_FUNCTION = YES;
				GCC_WARN_UNUSED_VARIABLE = YES;
				INFOPLIST_KEY_UIApplicationSceneManifest_Generation = NO;
				"INFOPLIST_KEY_UIApplicationSceneManifest_Generation[sdk=*]" = NO;
				IPHONEOS_DEPLOYMENT_TARGET = 16.2;
				MTL_ENABLE_DEBUG_INFO = INCLUDE_SOURCE;
				MTL_FAST_MATH = YES;
				ONLY_ACTIVE_ARCH = YES;
				SDKROOT = iphoneos;
				SWIFT_ACTIVE_COMPILATION_CONDITIONS = DEBUG;
				SWIFT_OPTIMIZATION_LEVEL = "-Onone";
			};
			name = Debug;
		};
		C4EBE6102A53F79D00576CAA /* Release */ = {
			isa = XCBuildConfiguration;
			buildSettings = {
				ALWAYS_SEARCH_USER_PATHS = NO;
				CLANG_ANALYZER_NONNULL = YES;
				CLANG_ANALYZER_NUMBER_OBJECT_CONVERSION = YES_AGGRESSIVE;
				CLANG_CXX_LANGUAGE_STANDARD = "gnu++20";
				CLANG_ENABLE_MODULES = YES;
				CLANG_ENABLE_OBJC_ARC = YES;
				CLANG_ENABLE_OBJC_WEAK = YES;
				CLANG_WARN_BLOCK_CAPTURE_AUTORELEASING = YES;
				CLANG_WARN_BOOL_CONVERSION = YES;
				CLANG_WARN_COMMA = YES;
				CLANG_WARN_CONSTANT_CONVERSION = YES;
				CLANG_WARN_DEPRECATED_OBJC_IMPLEMENTATIONS = YES;
				CLANG_WARN_DIRECT_OBJC_ISA_USAGE = YES_ERROR;
				CLANG_WARN_DOCUMENTATION_COMMENTS = YES;
				CLANG_WARN_EMPTY_BODY = YES;
				CLANG_WARN_ENUM_CONVERSION = YES;
				CLANG_WARN_INFINITE_RECURSION = YES;
				CLANG_WARN_INT_CONVERSION = YES;
				CLANG_WARN_NON_LITERAL_NULL_CONVERSION = YES;
				CLANG_WARN_OBJC_IMPLICIT_RETAIN_SELF = YES;
				CLANG_WARN_OBJC_LITERAL_CONVERSION = YES;
				CLANG_WARN_OBJC_ROOT_CLASS = YES_ERROR;
				CLANG_WARN_QUOTED_INCLUDE_IN_FRAMEWORK_HEADER = YES;
				CLANG_WARN_RANGE_LOOP_ANALYSIS = YES;
				CLANG_WARN_STRICT_PROTOTYPES = YES;
				CLANG_WARN_SUSPICIOUS_MOVE = YES;
				CLANG_WARN_UNGUARDED_AVAILABILITY = YES_AGGRESSIVE;
				CLANG_WARN_UNREACHABLE_CODE = YES;
				CLANG_WARN__DUPLICATE_METHOD_MATCH = YES;
				COPY_PHASE_STRIP = NO;
				DEBUG_INFORMATION_FORMAT = "dwarf-with-dsym";
				ENABLE_NS_ASSERTIONS = NO;
				ENABLE_STRICT_OBJC_MSGSEND = YES;
				GCC_C_LANGUAGE_STANDARD = gnu11;
				GCC_NO_COMMON_BLOCKS = YES;
				GCC_WARN_64_TO_32_BIT_CONVERSION = YES;
				GCC_WARN_ABOUT_RETURN_TYPE = YES_ERROR;
				GCC_WARN_UNDECLARED_SELECTOR = YES;
				GCC_WARN_UNINITIALIZED_AUTOS = YES_AGGRESSIVE;
				GCC_WARN_UNUSED_FUNCTION = YES;
				GCC_WARN_UNUSED_VARIABLE = YES;
				INFOPLIST_KEY_UIApplicationSceneManifest_Generation = NO;
				IPHONEOS_DEPLOYMENT_TARGET = 16.2;
				MTL_ENABLE_DEBUG_INFO = NO;
				MTL_FAST_MATH = YES;
				SDKROOT = iphoneos;
				SWIFT_COMPILATION_MODE = wholemodule;
				SWIFT_OPTIMIZATION_LEVEL = "-O";
				VALIDATE_PRODUCT = YES;
			};
			name = Release;
		};
		C4EBE6122A53F79D00576CAA /* Debug */ = {
			isa = XCBuildConfiguration;
			buildSettings = {
				ASSETCATALOG_COMPILER_APPICON_NAME = AppIcon;
				ASSETCATALOG_COMPILER_GLOBAL_ACCENT_COLOR_NAME = AccentColor;
				CODE_SIGN_STYLE = Automatic;
				CURRENT_PROJECT_VERSION = 1;
				DEVELOPMENT_ASSET_PATHS = "\"Kitchen/Preview Content\"";
				DEVELOPMENT_TEAM = Q8858HHB3X;
				ENABLE_PREVIEWS = YES;
				GENERATE_INFOPLIST_FILE = YES;
				INFOPLIST_FILE = Kitchen/Info.plist;
				INFOPLIST_KEY_UIApplicationSupportsIndirectInputEvents = YES;
				INFOPLIST_KEY_UILaunchScreen_Generation = YES;
				INFOPLIST_KEY_UISupportedInterfaceOrientations_iPad = "UIInterfaceOrientationPortrait UIInterfaceOrientationPortraitUpsideDown UIInterfaceOrientationLandscapeLeft UIInterfaceOrientationLandscapeRight";
				INFOPLIST_KEY_UISupportedInterfaceOrientations_iPhone = "UIInterfaceOrientationPortrait UIInterfaceOrientationLandscapeLeft UIInterfaceOrientationLandscapeRight";
				LD_RUNPATH_SEARCH_PATHS = (
					"$(inherited)",
					"@executable_path/Frameworks",
				);
				MARKETING_VERSION = 1.0;
				PRODUCT_BUNDLE_IDENTIFIER = YS.Kitchen;
				PRODUCT_NAME = "$(TARGET_NAME)";
				SWIFT_EMIT_LOC_STRINGS = YES;
				SWIFT_VERSION = 5.0;
				TARGETED_DEVICE_FAMILY = "1,2";
			};
			name = Debug;
		};
		C4EBE6132A53F79D00576CAA /* Release */ = {
			isa = XCBuildConfiguration;
			buildSettings = {
				ASSETCATALOG_COMPILER_APPICON_NAME = AppIcon;
				ASSETCATALOG_COMPILER_GLOBAL_ACCENT_COLOR_NAME = AccentColor;
				CODE_SIGN_STYLE = Automatic;
				CURRENT_PROJECT_VERSION = 1;
				DEVELOPMENT_ASSET_PATHS = "\"Kitchen/Preview Content\"";
				DEVELOPMENT_TEAM = Q8858HHB3X;
				ENABLE_PREVIEWS = YES;
				GENERATE_INFOPLIST_FILE = YES;
				INFOPLIST_FILE = Kitchen/Info.plist;
				INFOPLIST_KEY_UIApplicationSupportsIndirectInputEvents = YES;
				INFOPLIST_KEY_UILaunchScreen_Generation = YES;
				INFOPLIST_KEY_UISupportedInterfaceOrientations_iPad = "UIInterfaceOrientationPortrait UIInterfaceOrientationPortraitUpsideDown UIInterfaceOrientationLandscapeLeft UIInterfaceOrientationLandscapeRight";
				INFOPLIST_KEY_UISupportedInterfaceOrientations_iPhone = "UIInterfaceOrientationPortrait UIInterfaceOrientationLandscapeLeft UIInterfaceOrientationLandscapeRight";
				LD_RUNPATH_SEARCH_PATHS = (
					"$(inherited)",
					"@executable_path/Frameworks",
				);
				MARKETING_VERSION = 1.0;
				PRODUCT_BUNDLE_IDENTIFIER = YS.Kitchen;
				PRODUCT_NAME = "$(TARGET_NAME)";
				SWIFT_EMIT_LOC_STRINGS = YES;
				SWIFT_VERSION = 5.0;
				TARGETED_DEVICE_FAMILY = "1,2";
			};
			name = Release;
		};
/* End XCBuildConfiguration section */

/* Begin XCConfigurationList section */
		C4EBE5FE2A53F79C00576CAA /* Build configuration list for PBXProject "Kitchen" */ = {
			isa = XCConfigurationList;
			buildConfigurations = (
				C4EBE60F2A53F79D00576CAA /* Debug */,
				C4EBE6102A53F79D00576CAA /* Release */,
			);
			defaultConfigurationIsVisible = 0;
			defaultConfigurationName = Release;
		};
		C4EBE6112A53F79D00576CAA /* Build configuration list for PBXNativeTarget "Kitchen" */ = {
			isa = XCConfigurationList;
			buildConfigurations = (
				C4EBE6122A53F79D00576CAA /* Debug */,
				C4EBE6132A53F79D00576CAA /* Release */,
			);
			defaultConfigurationIsVisible = 0;
			defaultConfigurationName = Release;
		};
/* End XCConfigurationList section */
	};
	rootObject = C4EBE5FB2A53F79C00576CAA /* Project object */;
}
